
Microsoft Visual Studio Solution File, Format Version 12.00
# Visual Studio Version 16
VisualStudioVersion = 16.0.31624.102
MinimumVisualStudioVersion = 10.0.40219.1
Project("{FAE04EC0-301F-11D3-BF4B-00C04F79EFBC}") = "FigureLibrary", "FigureLibrary\FigureLibrary.csproj", "{AEA47D82-A5A0-4E94-89A5-C78B850EB0EE}"
EndProject
Project("{FAE04EC0-301F-11D3-BF4B-00C04F79EFBC}") = "FigureLibraryTest", "FigureLibraryTest\FigureLibraryTest.csproj", "{8C19E4DD-85F9-41A7-99E6-A6D836650C36}"
EndProject
Project("{FAE04EC0-301F-11D3-BF4B-00C04F79EFBC}") = "SQLRequestExample", "SQLRequestExample\SQLRequestExample.csproj", "{CFAD96DB-B738-4049-9CF0-11A28A23CC0C}"
EndProject
Global
	GlobalSection(SolutionConfigurationPlatforms) = preSolution
		Debug|Any CPU = Debug|Any CPU
		Release|Any CPU = Release|Any CPU
	EndGlobalSection
	GlobalSection(ProjectConfigurationPlatforms) = postSolution
		{AEA47D82-A5A0-4E94-89A5-C78B850EB0EE}.Debug|Any CPU.ActiveCfg = Debug|Any CPU
		{AEA47D82-A5A0-4E94-89A5-C78B850EB0EE}.Debug|Any CPU.Build.0 = Debug|Any CPU
		{AEA47D82-A5A0-4E94-89A5-C78B850EB0EE}.Release|Any CPU.ActiveCfg = Release|Any CPU
		{AEA47D82-A5A0-4E94-89A5-C78B850EB0EE}.Release|Any CPU.Build.0 = Release|Any CPU
		{8C19E4DD-85F9-41A7-99E6-A6D836650C36}.Debug|Any CPU.ActiveCfg = Debug|Any CPU
		{8C19E4DD-85F9-41A7-99E6-A6D836650C36}.Debug|Any CPU.Build.0 = Debug|Any CPU
		{8C19E4DD-85F9-41A7-99E6-A6D836650C36}.Release|Any CPU.ActiveCfg = Release|Any CPU
		{8C19E4DD-85F9-41A7-99E6-A6D836650C36}.Release|Any CPU.Build.0 = Release|Any CPU
		{CFAD96DB-B738-4049-9CF0-11A28A23CC0C}.Debug|Any CPU.ActiveCfg = Debug|Any CPU
		{CFAD96DB-B738-4049-9CF0-11A28A23CC0C}.Debug|Any CPU.Build.0 = Debug|Any CPU
		{CFAD96DB-B738-4049-9CF0-11A28A23CC0C}.Release|Any CPU.ActiveCfg = Release|Any CPU
		{CFAD96DB-B738-4049-9CF0-11A28A23CC0C}.Release|Any CPU.Build.0 = Release|Any CPU
	EndGlobalSection
	GlobalSection(SolutionProperties) = preSolution
		HideSolutionNode = FALSE
	EndGlobalSection
	GlobalSection(ExtensibilityGlobals) = postSolution
		SolutionGuid = {98228A12-26D7-4597-9393-E8BC31DEF907}
	EndGlobalSection
EndGlobal
